// !$*UTF8*$!
{
	archiveVersion = 1;
	classes = {
	};
	objectVersion = 50;
	objects = {

/* Begin PBXBuildFile section */
		74BFF82523B71BF4005D7D18 /* AppDelegate.swift in Sources */ = {isa = PBXBuildFile; fileRef = 74BFF82423B71BF4005D7D18 /* AppDelegate.swift */; };
		74BFF82723B71BF4005D7D18 /* SceneDelegate.swift in Sources */ = {isa = PBXBuildFile; fileRef = 74BFF82623B71BF4005D7D18 /* SceneDelegate.swift */; };
		74BFF82923B71BF4005D7D18 /* ViewController.swift in Sources */ = {isa = PBXBuildFile; fileRef = 74BFF82823B71BF4005D7D18 /* ViewController.swift */; };
		74BFF82C23B71BF4005D7D18 /* Main.storyboard in Resources */ = {isa = PBXBuildFile; fileRef = 74BFF82A23B71BF4005D7D18 /* Main.storyboard */; };
		74BFF82E23B71BF5005D7D18 /* Assets.xcassets in Resources */ = {isa = PBXBuildFile; fileRef = 74BFF82D23B71BF5005D7D18 /* Assets.xcassets */; };
		74BFF83123B71BF5005D7D18 /* LaunchScreen.storyboard in Resources */ = {isa = PBXBuildFile; fileRef = 74BFF82F23B71BF5005D7D18 /* LaunchScreen.storyboard */; };
/* End PBXBuildFile section */

/* Begin PBXFileReference section */
		74BFF82123B71BF4005D7D18 /* AudioVideoImage.app */ = {isa = PBXFileReference; explicitFileType = wrapper.application; includeInIndex = 0; path = AudioVideoImage.app; sourceTree = BUILT_PRODUCTS_DIR; };
		74BFF82423B71BF4005D7D18 /* AppDelegate.swift */ = {isa = PBXFileReference; lastKnownFileType = sourcecode.swift; path = AppDelegate.swift; sourceTree = "<group>"; };
		74BFF82623B71BF4005D7D18 /* SceneDelegate.swift */ = {isa = PBXFileReference; lastKnownFileType = sourcecode.swift; path = SceneDelegate.swift; sourceTree = "<group>"; };
		74BFF82823B71BF4005D7D18 /* ViewController.swift */ = {isa = PBXFileReference; lastKnownFileType = sourcecode.swift; path = ViewController.swift; sourceTree = "<group>"; };
		74BFF82B23B71BF4005D7D18 /* Base */ = {isa = PBXFileReference; lastKnownFileType = file.storyboard; name = Base; path = Base.lproj/Main.storyboard; sourceTree = "<group>"; };
		74BFF82D23B71BF5005D7D18 /* Assets.xcassets */ = {isa = PBXFileReference; lastKnownFileType = folder.assetcatalog; path = Assets.xcassets; sourceTree = "<group>"; };
		74BFF83023B71BF5005D7D18 /* Base */ = {isa = PBXFileReference; lastKnownFileType = file.storyboard; name = Base; path = Base.lproj/LaunchScreen.storyboard; sourceTree = "<group>"; };
		74BFF83223B71BF5005D7D18 /* Info.plist */ = {isa = PBXFileReference; lastKnownFileType = text.plist.xml; path = Info.plist; sourceTree = "<group>"; };
/* End PBXFileReference section */

/* Begin PBXFrameworksBuildPhase section */
		74BFF81E23B71BF4005D7D18 /* Frameworks */ = {
			isa = PBXFrameworksBuildPhase;
			buildActionMask = 2147483647;
			files = (
			);
			runOnlyForDeploymentPostprocessing = 0;
		};
/* End PBXFrameworksBuildPhase section */

/* Begin PBXGroup section */
		74BFF81823B71BF4005D7D18 = {
			isa = PBXGroup;
			children = (
				74BFF82323B71BF4005D7D18 /* AudioVideoImage */,
				74BFF82223B71BF4005D7D18 /* Products */,
			);
			sourceTree = "<group>";
		};
		74BFF82223B71BF4005D7D18 /* Products */ = {
			isa = PBXGroup;
			children = (
				74BFF82123B71BF4005D7D18 /* AudioVideoImage.app */,
			);
			name = Products;
			sourceTree = "<group>";
		};
		74BFF82323B71BF4005D7D18 /* AudioVideoImage */ = {
			isa = PBXGroup;
			children = (
				74BFF82423B71BF4005D7D18 /* AppDelegate.swift */,
				74BFF82623B71BF4005D7D18 /* SceneDelegate.swift */,
				74BFF82823B71BF4005D7D18 /* ViewController.swift */,
				74BFF82A23B71BF4005D7D18 /* Main.storyboard */,
				74BFF82D23B71BF5005D7D18 /* Assets.xcassets */,
				74BFF82F23B71BF5005D7D18 /* LaunchScreen.storyboard */,
				74BFF83223B71BF5005D7D18 /* Info.plist */,
			);
			path = AudioVideoImage;
			sourceTree = "<group>";
		};
/* End PBXGroup section */

/* Begin PBXNativeTarget section */
		74BFF82023B71BF4005D7D18 /* AudioVideoImage */ = {
			isa = PBXNativeTarget;
			buildConfigurationList = 74BFF83523B71BF5005D7D18 /* Build configuration list for PBXNativeTarget "AudioVideoImage" */;
			buildPhases = (
				74BFF81D23B71BF4005D7D18 /* Sources */,
				74BFF81E23B71BF4005D7D18 /* Frameworks */,
				74BFF81F23B71BF4005D7D18 /* Resources */,
			);
			buildRules = (
			);
			dependencies = (
			);
			name = AudioVideoImage;
			productName = AudioVideoImage;
			productReference = 74BFF82123B71BF4005D7D18 /* AudioVideoImage.app */;
			productType = "com.apple.product-type.application";
		};
/* End PBXNativeTarget section */

/* Begin PBXProject section */
		74BFF81923B71BF4005D7D18 /* Project object */ = {
			isa = PBXProject;
			attributes = {
				LastSwiftUpdateCheck = 1130;
				LastUpgradeCheck = 1130;
				ORGANIZATIONNAME = "THANIKANTI VAMSI KRISHNA";
				TargetAttributes = {
					74BFF82023B71BF4005D7D18 = {
						CreatedOnToolsVersion = 11.3;
					};
				};
			};
			buildConfigurationList = 74BFF81C23B71BF4005D7D18 /* Build configuration list for PBXProject "AudioVideoImage" */;
			compatibilityVersion = "Xcode 9.3";
			developmentRegion = en;
			hasScannedForEncodings = 0;
			knownRegions = (
				en,
				Base,
			);
			mainGroup = 74BFF81823B71BF4005D7D18;
			productRefGroup = 74BFF82223B71BF4005D7D18 /* Products */;
			projectDirPath = "";
			projectRoot = "";
			targets = (
				74BFF82023B71BF4005D7D18 /* AudioVideoImage */,
			);
		};
/* End PBXProject section */

/* Begin PBXResourcesBuildPhase section */
		74BFF81F23B71BF4005D7D18 /* Resources */ = {
			isa = PBXResourcesBuildPhase;
			buildActionMask = 2147483647;
			files = (
				74BFF83123B71BF5005D7D18 /* LaunchScreen.storyboard in Resources */,
				74BFF82E23B71BF5005D7D18 /* Assets.xcassets in Resources */,
				74BFF82C23B71BF4005D7D18 /* Main.storyboard in Resources */,
			);
			runOnlyForDeploymentPostprocessing = 0;
		};
/* End PBXResourcesBuildPhase section */

/* Begin PBXSourcesBuildPhase section */
		74BFF81D23B71BF4005D7D18 /* Sources */ = {
			isa = PBXSourcesBuildPhase;
			buildActionMask = 2147483647;
			files = (
				74BFF82923B71BF4005D7D18 /* ViewController.swift in Sources */,
				74BFF82523B71BF4005D7D18 /* AppDelegate.swift in Sources */,
				74BFF82723B71BF4005D7D18 /* SceneDelegate.swift in Sources */,
			);
			runOnlyForDeploymentPostprocessing = 0;
		};
/* End PBXSourcesBuildPhase section */

/* Begin PBXVariantGroup section */
		74BFF82A23B71BF4005D7D18 /* Main.storyboard */ = {
			isa = PBXVariantGroup;
			children = (
				74BFF82B23B71BF4005D7D18 /* Base */,
			);
			name = Main.storyboard;
			sourceTree = "<group>";
		};
		74BFF82F23B71BF5005D7D18 /* LaunchScreen.storyboard */ = {
			isa = PBXVariantGroup;
			children = (
				74BFF83023B71BF5005D7D18 /* Base */,
			);
			name = LaunchScreen.storyboard;
			sourceTree = "<group>";
		};
/* End PBXVariantGroup section */

/* Begin XCBuildConfiguration section */
		74BFF83323B71BF5005D7D18 /* Debug */ = {
			isa = XCBuildConfiguration;
			buildSettings = {
				ALWAYS_SEARCH_USER_PATHS = NO;
				CLANG_ANALYZER_NONNULL = YES;
				CLANG_ANALYZER_NUMBER_OBJECT_CONVERSION = YES_AGGRESSIVE;
				CLANG_CXX_LANGUAGE_STANDARD = "gnu++14";
				CLANG_CXX_LIBRARY = "libc++";
				CLANG_ENABLE_MODULES = YES;
				CLANG_ENABLE_OBJC_ARC = YES;
				CLANG_ENABLE_OBJC_WEAK = YES;
				CLANG_WARN_BLOCK_CAPTURE_AUTORELEASING = YES;
				CLANG_WARN_BOOL_CONVERSION = YES;
				CLANG_WARN_COMMA = YES;
				CLANG_WARN_CONSTANT_CONVERSION = YES;
				CLANG_WARN_DEPRECATED_OBJC_IMPLEMENTATIONS = YES;
				CLANG_WARN_DIRECT_OBJC_ISA_USAGE = YES_ERROR;
				CLANG_WARN_DOCUMENTATION_COMMENTS = YES;
				CLANG_WARN_EMPTY_BODY = YES;
				CLANG_WARN_ENUM_CONVERSION = YES;
				CLANG_WARN_INFINITE_RECURSION = YES;
				CLANG_WARN_INT_CONVERSION = YES;
				CLANG_WARN_NON_LITERAL_NULL_CONVERSION = YES;
				CLANG_WARN_OBJC_IMPLICIT_RETAIN_SELF = YES;
				CLANG_WARN_OBJC_LITERAL_CONVERSION = YES;
				CLANG_WARN_OBJC_ROOT_CLASS = YES_ERROR;
				CLANG_WARN_RANGE_LOOP_ANALYSIS = YES;
				CLANG_WARN_STRICT_PROTOTYPES = YES;
				CLANG_WARN_SUSPICIOUS_MOVE = YES;
				CLANG_WARN_UNGUARDED_AVAILABILITY = YES_AGGRESSIVE;
				CLANG_WARN_UNREACHABLE_CODE = YES;
				CLANG_WARN__DUPLICATE_METHOD_MATCH = YES;
				COPY_PHASE_STRIP = NO;
				DEBUG_INFORMATION_FORMAT = dwarf;
				ENABLE_STRICT_OBJC_MSGSEND = YES;
				ENABLE_TESTABILITY = YES;
				GCC_C_LANGUAGE_STANDARD = gnu11;
				GCC_DYNAMIC_NO_PIC = NO;
				GCC_NO_COMMON_BLOCKS = YES;
				GCC_OPTIMIZATION_LEVEL = 0;
				GCC_PREPROCESSOR_DEFINITIONS = (
					"DEBUG=1",
					"$(inherited)",
				);
				GCC_WARN_64_TO_32_BIT_CONVERSION = YES;
				GCC_WARN_ABOUT_RETURN_TYPE = YES_ERROR;
				GCC_WARN_UNDECLARED_SELECTOR = YES;
				GCC_WARN_UNINITIALIZED_AUTOS = YES_AGGRESSIVE;
				GCC_WARN_UNUSED_FUNCTION = YES;
				GCC_WARN_UNUSED_VARIABLE = YES;
				IPHONEOS_DEPLOYMENT_TARGET = 13.2;
				MTL_ENABLE_DEBUG_INFO = INCLUDE_SOURCE;
				MTL_FAST_MATH = YES;
				ONLY_ACTIVE_ARCH = YES;
				SDKROOT = iphoneos;
				SWIFT_ACTIVE_COMPILATION_CONDITIONS = DEBUG;
				SWIFT_OPTIMIZATION_LEVEL = "-Onone";
			};
			name = Debug;
		};
		74BFF83423B71BF5005D7D18 /* Release */ = {
			isa = XCBuildConfiguration;
			buildSettings = {
				ALWAYS_SEARCH_USER_PATHS = NO;
				CLANG_ANALYZER_NONNULL = YES;
				CLANG_ANALYZER_NUMBER_OBJECT_CONVERSION = YES_AGGRESSIVE;
				CLANG_CXX_LANGUAGE_STANDARD = "gnu++14";
				CLANG_CXX_LIBRARY = "libc++";
				CLANG_ENABLE_MODULES = YES;
				CLANG_ENABLE_OBJC_ARC = YES;
				CLANG_ENABLE_OBJC_WEAK = YES;
				CLANG_WARN_BLOCK_CAPTURE_AUTORELEASING = YES;
				CLANG_WARN_BOOL_CONVERSION = YES;
				CLANG_WARN_COMMA = YES;
				CLANG_WARN_CONSTANT_CONVERSION = YES;
				CLANG_WARN_DEPRECATED_OBJC_IMPLEMENTATIONS = YES;
				CLANG_WARN_DIRECT_OBJC_ISA_USAGE = YES_ERROR;
				CLANG_WARN_DOCUMENTATION_COMMENTS = YES;
				CLANG_WARN_EMPTY_BODY = YES;
				CLANG_WARN_ENUM_CONVERSION = YES;
				CLANG_WARN_INFINITE_RECURSION = YES;
				CLANG_WARN_INT_CONVERSION = YES;
				CLANG_WARN_NON_LITERAL_NULL_CONVERSION = YES;
				CLANG_WARN_OBJC_IMPLICIT_RETAIN_SELF = YES;
				CLANG_WARN_OBJC_LITERAL_CONVERSION = YES;
				CLANG_WARN_OBJC_ROOT_CLASS = YES_ERROR;
				CLANG_WARN_RANGE_LOOP_ANALYSIS = YES;
				CLANG_WARN_STRICT_PROTOTYPES = YES;
				CLANG_WARN_SUSPICIOUS_MOVE = YES;
				CLANG_WARN_UNGUARDED_AVAILABILITY = YES_AGGRESSIVE;
				CLANG_WARN_UNREACHABLE_CODE = YES;
				CLANG_WARN__DUPLICATE_METHOD_MATCH = YES;
				COPY_PHASE_STRIP = NO;
				DEBUG_INFORMATION_FORMAT = "dwarf-with-dsym";
				ENABLE_NS_ASSERTIONS = NO;
				ENABLE_STRICT_OBJC_MSGSEND = YES;
				GCC_C_LANGUAGE_STANDARD = gnu11;
				GCC_NO_COMMON_BLOCKS = YES;
				GCC_WARN_64_TO_32_BIT_CONVERSION = YES;
				GCC_WARN_ABOUT_RETURN_TYPE = YES_ERROR;
				GCC_WARN_UNDECLARED_SELECTOR = YES;
				GCC_WARN_UNINITIALIZED_AUTOS = YES_AGGRESSIVE;
				GCC_WARN_UNUSED_FUNCTION = YES;
				GCC_WARN_UNUSED_VARIABLE = YES;
				IPHONEOS_DEPLOYMENT_TARGET = 13.2;
				MTL_ENABLE_DEBUG_INFO = NO;
				MTL_FAST_MATH = YES;
				SDKROOT = iphoneos;
				SWIFT_COMPILATION_MODE = wholemodule;
				SWIFT_OPTIMIZATION_LEVEL = "-O";
				VALIDATE_PRODUCT = YES;
			};
			name = Release;
		};
		74BFF83623B71BF5005D7D18 /* Debug */ = {
			isa = XCBuildConfiguration;
			buildSettings = {
				ASSETCATALOG_COMPILER_APPICON_NAME = AppIcon;
				CODE_SIGN_STYLE = Automatic;
				INFOPLIST_FILE = AudioVideoImage/Info.plist;
				LD_RUNPATH_SEARCH_PATHS = (
					"$(inherited)",
					"@executable_path/Frameworks",
				);
				PRODUCT_BUNDLE_IDENTIFIER = "-91104.AudioVideoImage";
				PRODUCT_NAME = "$(TARGET_NAME)";
				SWIFT_VERSION = 5.0;
				TARGETED_DEVICE_FAMILY = "1,2";
			};
			name = Debug;
		};
		74BFF83723B71BF5005D7D18 /* Release */ = {
			isa = XCBuildConfiguration;
			buildSettings = {
				ASSETCATALOG_COMPILER_APPICON_NAME = AppIcon;
				CODE_SIGN_STYLE = Automatic;
				INFOPLIST_FILE = AudioVideoImage/Info.plist;
				LD_RUNPATH_SEARCH_PATHS = (
					"$(inherited)",
					"@executable_path/Frameworks",
				);
				PRODUCT_BUNDLE_IDENTIFIER = "-91104.AudioVideoImage";
				PRODUCT_NAME = "$(TARGET_NAME)";
				SWIFT_VERSION = 5.0;
				TARGETED_DEVICE_FAMILY = "1,2";
			};
			name = Release;
		};
/* End XCBuildConfiguration section */

/* Begin XCConfigurationList section */
		74BFF81C23B71BF4005D7D18 /* Build configuration list for PBXProject "AudioVideoImage" */ = {
			isa = XCConfigurationList;
			buildConfigurations = (
				74BFF83323B71BF5005D7D18 /* Debug */,
				74BFF83423B71BF5005D7D18 /* Release */,
			);
			defaultConfigurationIsVisible = 0;
			defaultConfigurationName = Release;
		};
		74BFF83523B71BF5005D7D18 /* Build configuration list for PBXNativeTarget "AudioVideoImage" */ = {
			isa = XCConfigurationList;
			buildConfigurations = (
				74BFF83623B71BF5005D7D18 /* Debug */,
				74BFF83723B71BF5005D7D18 /* Release */,
			);
			defaultConfigurationIsVisible = 0;
			defaultConfigurationName = Release;
		};
/* End XCConfigurationList section */
	};
	rootObject = 74BFF81923B71BF4005D7D18 /* Project object */;
}
